
Microsoft Visual Studio Solution File, Format Version 12.00
# Visual Studio Version 16
VisualStudioVersion = 16.0.30907.101
MinimumVisualStudioVersion = 10.0.40219.1
Project("{8BC9CEB8-8B4A-11D0-8D11-00A0C91BC942}") = "salesDataAnalysisEx", "salesDataAnalysisEx.vcxproj", "{B80F1A25-4970-45F1-8560-BAAC57F29546}"
EndProject
Global
	GlobalSection(SolutionConfigurationPlatforms) = preSolution
		Debug|x64 = Debug|x64
		Debug|x86 = Debug|x86
		Release|x64 = Release|x64
		Release|x86 = Release|x86
	EndGlobalSection
	GlobalSection(ProjectConfigurationPlatforms) = postSolution
		{B80F1A25-4970-45F1-8560-BAAC57F29546}.Debug|x64.ActiveCfg = Debug|x64
		{B80F1A25-4970-45F1-8560-BAAC57F29546}.Debug|x64.Build.0 = Debug|x64
		{B80F1A25-4970-45F1-8560-BAAC57F29546}.Debug|x86.ActiveCfg = Debug|Win32
		{B80F1A25-4970-45F1-8560-BAAC57F29546}.Debug|x86.Build.0 = Debug|Win32
		{B80F1A25-4970-45F1-8560-BAAC57F29546}.Release|x64.ActiveCfg = Release|x64
		{B80F1A25-4970-45F1-8560-BAAC57F29546}.Release|x64.Build.0 = Release|x64
		{B80F1A25-4970-45F1-8560-BAAC57F29546}.Release|x86.ActiveCfg = Release|Win32
		{B80F1A25-4970-45F1-8560-BAAC57F29546}.Release|x86.Build.0 = Release|Win32
	EndGlobalSection
	GlobalSection(SolutionProperties) = preSolution
		HideSolutionNode = FALSE
	EndGlobalSection
	GlobalSection(ExtensibilityGlobals) = postSolution
		SolutionGuid = {A380C947-4763-47B0-AD58-FE541D2EF76B}
	EndGlobalSection
EndGlobal
